<?xml version="1.0" encoding="utf-8"?>
<Project ToolsVersion="4.0" xmlns:atg="http://atg.xbox.com" xmlns="http://schemas.microsoft.com/developer/msbuild/2003">
  <ItemGroup>
    <Filter Include="Resource Files">
      <UniqueIdentifier>{8e114980-c1a3-4ada-ad7c-83caadf5daeb}</UniqueIdentifier>
      <Extensions>rc;ico;cur;bmp;dlg;rc2;rct;bin;rgs;gif;jpg;jpeg;jpe</Extensions>
    </Filter>
    <Filter Include="Shaders">
      <UniqueIdentifier>{2c3d4c8c-5d1a-459a-a05a-a4e4b608a44e}</UniqueIdentifier>
      <Extensions>fx;fxh;hlsl</Extensions>
    </Filter>
    <Filter Include="Resource Files\Textures">
      <UniqueIdentifier>{84a4d56f-682d-4b12-a7c9-064cc08bce09}</UniqueIdentifier>
    </Filter>
    <Filter Include="Render Process">
      <UniqueIdentifier>{f9a465ec-cfd7-469a-9a6d-d310ee5bde77}</UniqueIdentifier>
    </Filter>
    <Filter Include="GUI Libraries">
      <UniqueIdentifier>{585cf594-4adb-4bcd-814a-cb4477cab82d}</UniqueIdentifier>
    </Filter>
    <Filter Include="Scene">
      <UniqueIdentifier>{e0bc05fb-0ca0-4c2f-9047-5b801dd1ab1f}</UniqueIdentifier>
    </Filter>
    <Filter Include="Scene\SceneBuilding">
      <UniqueIdentifier>{d73e8525-1c90-4f5f-8a29-e1596ae98ace}</UniqueIdentifier>
    </Filter>
    <Filter Include="Scene\Objects">
      <UniqueIdentifier>{23e5207f-bffa-4824-b798-4e453cf9c7a9}</UniqueIdentifier>
    </Filter>
    <Filter Include="Scene\Octree">
      <UniqueIdentifier>{5441b3c9-ea93-4497-8b2e-3dcc9d74bc08}</UniqueIdentifier>
    </Filter>
    <Filter Include="DirectX">
      <UniqueIdentifier>{f86d18ca-79fb-4424-a2ea-324e35f33f8f}</UniqueIdentifier>
    </Filter>
    <Filter Include="DirectX\GUI">
      <UniqueIdentifier>{9d533ed7-02c6-431c-85cb-891a1f51cb04}</UniqueIdentifier>
    </Filter>
    <Filter Include="DirectX\Shaders">
      <UniqueIdentifier>{0acc2766-bf01-4594-8cae-9c9e666be884}</UniqueIdentifier>
    </Filter>
    <Filter Include="DirectX\Textures">
      <UniqueIdentifier>{e4e847cb-165d-44b7-8f05-f08bc046d751}</UniqueIdentifier>
    </Filter>
    <Filter Include="Shaders\Blur Effect">
      <UniqueIdentifier>{3e395ffb-0c49-4883-80f7-cb9c0f41cf4d}</UniqueIdentifier>
    </Filter>
    <Filter Include="Shaders\Scenes">
      <UniqueIdentifier>{0c967173-af60-4b38-90e2-11e6ec88a038}</UniqueIdentifier>
    </Filter>
  </ItemGroup>
  <ItemGroup>
    <ClInclude Include="Application.h" />
    <ClInclude Include="Structures.h" />
    <ClInclude Include="RenderProcess.h">
      <Filter>Render Process</Filter>
    </ClInclude>
    <ClInclude Include="RenderToTextureProcess.h">
      <Filter>Render Process</Filter>
    </ClInclude>
    <ClInclude Include="imconfig.h">
      <Filter>GUI Libraries</Filter>
    </ClInclude>
    <ClInclude Include="imgui.h">
      <Filter>GUI Libraries</Filter>
    </ClInclude>
    <ClInclude Include="imgui_internal.h">
      <Filter>GUI Libraries</Filter>
    </ClInclude>
    <ClInclude Include="stb_rect_pack.h">
      <Filter>GUI Libraries</Filter>
    </ClInclude>
    <ClInclude Include="stb_textedit.h">
      <Filter>GUI Libraries</Filter>
    </ClInclude>
    <ClInclude Include="stb_truetype.h">
      <Filter>GUI Libraries</Filter>
    </ClInclude>
    <ClInclude Include="rapidxml.hpp">
      <Filter>Scene\SceneBuilding</Filter>
    </ClInclude>
    <ClInclude Include="rapidxml_print.hpp">
      <Filter>Scene\SceneBuilding</Filter>
    </ClInclude>
    <ClInclude Include="SceneBuilder.h">
      <Filter>Scene\SceneBuilding</Filter>
    </ClInclude>
    <ClInclude Include="GameObject.h">
      <Filter>Scene\Objects</Filter>
    </ClInclude>
    <ClInclude Include="Scene.h">
      <Filter>Scene</Filter>
    </ClInclude>
    <ClInclude Include="SceneLight.h">
      <Filter>Scene\Objects</Filter>
    </ClInclude>
    <ClInclude Include="OctreeNode.h">
      <Filter>Scene\Octree</Filter>
    </ClInclude>
    <ClInclude Include="Octree.h">
      <Filter>Scene\Octree</Filter>
    </ClInclude>
    <ClInclude Include="DDSTextureLoader.h">
      <Filter>DirectX\Textures</Filter>
    </ClInclude>
    <ClInclude Include="DX11AppHelper.h">
      <Filter>DirectX</Filter>
    </ClInclude>
    <ClInclude Include="GUIController.h">
      <Filter>DirectX\GUI</Filter>
    </ClInclude>
    <ClInclude Include="ShaderController.h">
      <Filter>DirectX\Shaders</Filter>
    </ClInclude>
    <ClInclude Include="InputLayoutBuilder.h">
      <Filter>DirectX\Shaders</Filter>
    </ClInclude>
    <ClInclude Include="TextureController.h">
      <Filter>DirectX\Textures</Filter>
    </ClInclude>
    <ClInclude Include="SceneCamera.h">
      <Filter>Scene\Objects</Filter>
    </ClInclude>
  </ItemGroup>
  <ItemGroup>
    <ClCompile Include="Application.cpp" />
    <ClCompile Include="Main.cpp" />
    <ClCompile Include="RenderProcess.cpp">
      <Filter>Render Process</Filter>
    </ClCompile>
    <ClCompile Include="RenderToTextureProcess.cpp">
      <Filter>Render Process</Filter>
    </ClCompile>
    <ClCompile Include="imgui.cpp">
      <Filter>GUI Libraries</Filter>
    </ClCompile>
    <ClCompile Include="imgui_demo.cpp">
      <Filter>GUI Libraries</Filter>
    </ClCompile>
    <ClCompile Include="imgui_draw.cpp">
      <Filter>GUI Libraries</Filter>
    </ClCompile>
    <ClCompile Include="SceneBuilder.cpp">
      <Filter>Scene\SceneBuilding</Filter>
    </ClCompile>
    <ClCompile Include="GameObject.cpp">
      <Filter>Scene\Objects</Filter>
    </ClCompile>
    <ClCompile Include="Scene.cpp">
      <Filter>Scene</Filter>
    </ClCompile>
    <ClCompile Include="SceneLight.cpp">
      <Filter>Scene\Objects</Filter>
    </ClCompile>
    <ClCompile Include="Octree.cpp">
      <Filter>Scene\Octree</Filter>
    </ClCompile>
    <ClCompile Include="OctreeNode.cpp">
      <Filter>Scene\Octree</Filter>
    </ClCompile>
    <ClCompile Include="DDSTextureLoader.cpp">
      <Filter>DirectX\Textures</Filter>
    </ClCompile>
    <ClCompile Include="DX11AppHelper.cpp">
      <Filter>DirectX</Filter>
    </ClCompile>
    <ClCompile Include="GUIController.cpp">
      <Filter>DirectX\GUI</Filter>
    </ClCompile>
    <ClCompile Include="ShaderController.cpp">
      <Filter>DirectX\Shaders</Filter>
    </ClCompile>
    <ClCompile Include="InputLayoutBuilder.cpp">
      <Filter>DirectX\Shaders</Filter>
    </ClCompile>
    <ClCompile Include="TextureController.cpp">
      <Filter>DirectX\Textures</Filter>
    </ClCompile>
    <ClCompile Include="SceneCamera.cpp">
      <Filter>Scene\Objects</Filter>
    </ClCompile>
  </ItemGroup>
  <ItemGroup>
    <CLInclude Include="resource.h">
      <Filter>Resource Files</Filter>
    </CLInclude>
  </ItemGroup>
  <ItemGroup>
    <ResourceCompile Include="DX11 Framework.rc">
      <Filter>Resource Files</Filter>
    </ResourceCompile>
  </ItemGroup>
  <ItemGroup>
    <FxCompile Include="DX11 Framework Vertical Blur.fx">
      <Filter>Shaders\Blur Effect</Filter>
    </FxCompile>
    <FxCompile Include="DX11 Framework Horizontal Blur.fx">
      <Filter>Shaders\Blur Effect</Filter>
    </FxCompile>
    <FxCompile Include="DX11 Framework Depth Mapping.fx">
      <Filter>Shaders</Filter>
    </FxCompile>
    <FxCompile Include="DX11 Framework Parallax SS Diffuse Mapping.fx">
      <Filter>Shaders\Scenes</Filter>
    </FxCompile>
    <FxCompile Include="DX11 Framework Basic.fx">
      <Filter>Shaders</Filter>
    </FxCompile>
    <FxCompile Include="DX11 Framework Pixel.fx">
      <Filter>Shaders</Filter>
    </FxCompile>
    <FxCompile Include="DX11 Framework Render To Texture.fx">
      <Filter>Shaders</Filter>
    </FxCompile>
  </ItemGroup>
  <ItemGroup>
    <Image Include="Resources\floor.dds">
      <Filter>Resource Files\Textures</Filter>
    </Image>
    <Image Include="Resources\stone.dds">
      <Filter>Resource Files\Textures</Filter>
    </Image>
  </ItemGroup>
</Project>